// !$*UTF8*$!
{
	archiveVersion = 1;
	classes = {
	};
	objectVersion = 55;
	objects = {

/* Begin PBXBuildFile section */
		287D84BC2A15D4A300BD6331 /* AppDelegate.swift in Sources */ = {isa = PBXBuildFile; fileRef = 287D84BB2A15D4A300BD6331 /* AppDelegate.swift */; };
		287D84BE2A15D4A300BD6331 /* SceneDelegate.swift in Sources */ = {isa = PBXBuildFile; fileRef = 287D84BD2A15D4A300BD6331 /* SceneDelegate.swift */; };
		287D84C02A15D4A300BD6331 /* ViewController.swift in Sources */ = {isa = PBXBuildFile; fileRef = 287D84BF2A15D4A300BD6331 /* ViewController.swift */; };
		287D84C32A15D4A300BD6331 /* Main.storyboard in Resources */ = {isa = PBXBuildFile; fileRef = 287D84C12A15D4A300BD6331 /* Main.storyboard */; };
		287D84C52A15D4A600BD6331 /* Assets.xcassets in Resources */ = {isa = PBXBuildFile; fileRef = 287D84C42A15D4A600BD6331 /* Assets.xcassets */; };
		287D84C82A15D4A600BD6331 /* LaunchScreen.storyboard in Resources */ = {isa = PBXBuildFile; fileRef = 287D84C62A15D4A600BD6331 /* LaunchScreen.storyboard */; };
		287D84D32A15D4A600BD6331 /* MusicTests.swift in Sources */ = {isa = PBXBuildFile; fileRef = 287D84D22A15D4A600BD6331 /* MusicTests.swift */; };
		287D84DD2A15D4A600BD6331 /* MusicUITests.swift in Sources */ = {isa = PBXBuildFile; fileRef = 287D84DC2A15D4A600BD6331 /* MusicUITests.swift */; };
		287D84DF2A15D4A600BD6331 /* MusicUITestsLaunchTests.swift in Sources */ = {isa = PBXBuildFile; fileRef = 287D84DE2A15D4A600BD6331 /* MusicUITestsLaunchTests.swift */; };
/* End PBXBuildFile section */

/* Begin PBXContainerItemProxy section */
		287D84CF2A15D4A600BD6331 /* PBXContainerItemProxy */ = {
			isa = PBXContainerItemProxy;
			containerPortal = 287D84B02A15D4A300BD6331 /* Project object */;
			proxyType = 1;
			remoteGlobalIDString = 287D84B72A15D4A300BD6331;
			remoteInfo = Music;
		};
		287D84D92A15D4A600BD6331 /* PBXContainerItemProxy */ = {
			isa = PBXContainerItemProxy;
			containerPortal = 287D84B02A15D4A300BD6331 /* Project object */;
			proxyType = 1;
			remoteGlobalIDString = 287D84B72A15D4A300BD6331;
			remoteInfo = Music;
		};
/* End PBXContainerItemProxy section */

/* Begin PBXFileReference section */
		287D84B82A15D4A300BD6331 /* Music.app */ = {isa = PBXFileReference; explicitFileType = wrapper.application; includeInIndex = 0; path = Music.app; sourceTree = BUILT_PRODUCTS_DIR; };
		287D84BB2A15D4A300BD6331 /* AppDelegate.swift */ = {isa = PBXFileReference; lastKnownFileType = sourcecode.swift; path = AppDelegate.swift; sourceTree = "<group>"; };
		287D84BD2A15D4A300BD6331 /* SceneDelegate.swift */ = {isa = PBXFileReference; lastKnownFileType = sourcecode.swift; path = SceneDelegate.swift; sourceTree = "<group>"; };
		287D84BF2A15D4A300BD6331 /* ViewController.swift */ = {isa = PBXFileReference; lastKnownFileType = sourcecode.swift; path = ViewController.swift; sourceTree = "<group>"; };
		287D84C22A15D4A300BD6331 /* Base */ = {isa = PBXFileReference; lastKnownFileType = file.storyboard; name = Base; path = Base.lproj/Main.storyboard; sourceTree = "<group>"; };
		287D84C42A15D4A600BD6331 /* Assets.xcassets */ = {isa = PBXFileReference; lastKnownFileType = folder.assetcatalog; path = Assets.xcassets; sourceTree = "<group>"; };
		287D84C72A15D4A600BD6331 /* Base */ = {isa = PBXFileReference; lastKnownFileType = file.storyboard; name = Base; path = Base.lproj/LaunchScreen.storyboard; sourceTree = "<group>"; };
		287D84C92A15D4A600BD6331 /* Info.plist */ = {isa = PBXFileReference; lastKnownFileType = text.plist.xml; path = Info.plist; sourceTree = "<group>"; };
		287D84CE2A15D4A600BD6331 /* MusicTests.xctest */ = {isa = PBXFileReference; explicitFileType = wrapper.cfbundle; includeInIndex = 0; path = MusicTests.xctest; sourceTree = BUILT_PRODUCTS_DIR; };
		287D84D22A15D4A600BD6331 /* MusicTests.swift */ = {isa = PBXFileReference; lastKnownFileType = sourcecode.swift; path = MusicTests.swift; sourceTree = "<group>"; };
		287D84D82A15D4A600BD6331 /* MusicUITests.xctest */ = {isa = PBXFileReference; explicitFileType = wrapper.cfbundle; includeInIndex = 0; path = MusicUITests.xctest; sourceTree = BUILT_PRODUCTS_DIR; };
		287D84DC2A15D4A600BD6331 /* MusicUITests.swift */ = {isa = PBXFileReference; lastKnownFileType = sourcecode.swift; path = MusicUITests.swift; sourceTree = "<group>"; };
		287D84DE2A15D4A600BD6331 /* MusicUITestsLaunchTests.swift */ = {isa = PBXFileReference; lastKnownFileType = sourcecode.swift; path = MusicUITestsLaunchTests.swift; sourceTree = "<group>"; };
/* End PBXFileReference section */

/* Begin PBXFrameworksBuildPhase section */
		287D84B52A15D4A300BD6331 /* Frameworks */ = {
			isa = PBXFrameworksBuildPhase;
			buildActionMask = 2147483647;
			files = (
			);
			runOnlyForDeploymentPostprocessing = 0;
		};
		287D84CB2A15D4A600BD6331 /* Frameworks */ = {
			isa = PBXFrameworksBuildPhase;
			buildActionMask = 2147483647;
			files = (
			);
			runOnlyForDeploymentPostprocessing = 0;
		};
		287D84D52A15D4A600BD6331 /* Frameworks */ = {
			isa = PBXFrameworksBuildPhase;
			buildActionMask = 2147483647;
			files = (
			);
			runOnlyForDeploymentPostprocessing = 0;
		};
/* End PBXFrameworksBuildPhase section */

/* Begin PBXGroup section */
		287D84AF2A15D4A300BD6331 = {
			isa = PBXGroup;
			children = (
				287D84BA2A15D4A300BD6331 /* Music */,
				287D84D12A15D4A600BD6331 /* MusicTests */,
				287D84DB2A15D4A600BD6331 /* MusicUITests */,
				287D84B92A15D4A300BD6331 /* Products */,
			);
			sourceTree = "<group>";
		};
		287D84B92A15D4A300BD6331 /* Products */ = {
			isa = PBXGroup;
			children = (
				287D84B82A15D4A300BD6331 /* Music.app */,
				287D84CE2A15D4A600BD6331 /* MusicTests.xctest */,
				287D84D82A15D4A600BD6331 /* MusicUITests.xctest */,
			);
			name = Products;
			sourceTree = "<group>";
		};
		287D84BA2A15D4A300BD6331 /* Music */ = {
			isa = PBXGroup;
			children = (
				287D84BB2A15D4A300BD6331 /* AppDelegate.swift */,
				287D84BD2A15D4A300BD6331 /* SceneDelegate.swift */,
				287D84BF2A15D4A300BD6331 /* ViewController.swift */,
				287D84C12A15D4A300BD6331 /* Main.storyboard */,
				287D84C42A15D4A600BD6331 /* Assets.xcassets */,
				287D84C62A15D4A600BD6331 /* LaunchScreen.storyboard */,
				287D84C92A15D4A600BD6331 /* Info.plist */,
			);
			path = Music;
			sourceTree = "<group>";
		};
		287D84D12A15D4A600BD6331 /* MusicTests */ = {
			isa = PBXGroup;
			children = (
				287D84D22A15D4A600BD6331 /* MusicTests.swift */,
			);
			path = MusicTests;
			sourceTree = "<group>";
		};
		287D84DB2A15D4A600BD6331 /* MusicUITests */ = {
			isa = PBXGroup;
			children = (
				287D84DC2A15D4A600BD6331 /* MusicUITests.swift */,
				287D84DE2A15D4A600BD6331 /* MusicUITestsLaunchTests.swift */,
			);
			path = MusicUITests;
			sourceTree = "<group>";
		};
/* End PBXGroup section */

/* Begin PBXNativeTarget section */
		287D84B72A15D4A300BD6331 /* Music */ = {
			isa = PBXNativeTarget;
			buildConfigurationList = 287D84E22A15D4A600BD6331 /* Build configuration list for PBXNativeTarget "Music" */;
			buildPhases = (
				287D84B42A15D4A300BD6331 /* Sources */,
				287D84B52A15D4A300BD6331 /* Frameworks */,
				287D84B62A15D4A300BD6331 /* Resources */,
			);
			buildRules = (
			);
			dependencies = (
			);
			name = Music;
			productName = Music;
			productReference = 287D84B82A15D4A300BD6331 /* Music.app */;
			productType = "com.apple.product-type.application";
		};
		287D84CD2A15D4A600BD6331 /* MusicTests */ = {
			isa = PBXNativeTarget;
			buildConfigurationList = 287D84E52A15D4A600BD6331 /* Build configuration list for PBXNativeTarget "MusicTests" */;
			buildPhases = (
				287D84CA2A15D4A600BD6331 /* Sources */,
				287D84CB2A15D4A600BD6331 /* Frameworks */,
				287D84CC2A15D4A600BD6331 /* Resources */,
			);
			buildRules = (
			);
			dependencies = (
				287D84D02A15D4A600BD6331 /* PBXTargetDependency */,
			);
			name = MusicTests;
			productName = MusicTests;
			productReference = 287D84CE2A15D4A600BD6331 /* MusicTests.xctest */;
			productType = "com.apple.product-type.bundle.unit-test";
		};
		287D84D72A15D4A600BD6331 /* MusicUITests */ = {
			isa = PBXNativeTarget;
			buildConfigurationList = 287D84E82A15D4A600BD6331 /* Build configuration list for PBXNativeTarget "MusicUITests" */;
			buildPhases = (
				287D84D42A15D4A600BD6331 /* Sources */,
				287D84D52A15D4A600BD6331 /* Frameworks */,
				287D84D62A15D4A600BD6331 /* Resources */,
			);
			buildRules = (
			);
			dependencies = (
				287D84DA2A15D4A600BD6331 /* PBXTargetDependency */,
			);
			name = MusicUITests;
			productName = MusicUITests;
			productReference = 287D84D82A15D4A600BD6331 /* MusicUITests.xctest */;
			productType = "com.apple.product-type.bundle.ui-testing";
		};
/* End PBXNativeTarget section */

/* Begin PBXProject section */
		287D84B02A15D4A300BD6331 /* Project object */ = {
			isa = PBXProject;
			attributes = {
				BuildIndependentTargetsInParallel = 1;
				LastSwiftUpdateCheck = 1340;
				LastUpgradeCheck = 1340;
				TargetAttributes = {
					287D84B72A15D4A300BD6331 = {
						CreatedOnToolsVersion = 13.4.1;
					};
					287D84CD2A15D4A600BD6331 = {
						CreatedOnToolsVersion = 13.4.1;
						TestTargetID = 287D84B72A15D4A300BD6331;
					};
					287D84D72A15D4A600BD6331 = {
						CreatedOnToolsVersion = 13.4.1;
						TestTargetID = 287D84B72A15D4A300BD6331;
					};
				};
			};
			buildConfigurationList = 287D84B32A15D4A300BD6331 /* Build configuration list for PBXProject "Music" */;
			compatibilityVersion = "Xcode 13.0";
			developmentRegion = en;
			hasScannedForEncodings = 0;
			knownRegions = (
				en,
				Base,
			);
			mainGroup = 287D84AF2A15D4A300BD6331;
			productRefGroup = 287D84B92A15D4A300BD6331 /* Products */;
			projectDirPath = "";
			projectRoot = "";
			targets = (
				287D84B72A15D4A300BD6331 /* Music */,
				287D84CD2A15D4A600BD6331 /* MusicTests */,
				287D84D72A15D4A600BD6331 /* MusicUITests */,
			);
		};
/* End PBXProject section */

/* Begin PBXResourcesBuildPhase section */
		287D84B62A15D4A300BD6331 /* Resources */ = {
			isa = PBXResourcesBuildPhase;
			buildActionMask = 2147483647;
			files = (
				287D84C82A15D4A600BD6331 /* LaunchScreen.storyboard in Resources */,
				287D84C52A15D4A600BD6331 /* Assets.xcassets in Resources */,
				287D84C32A15D4A300BD6331 /* Main.storyboard in Resources */,
			);
			runOnlyForDeploymentPostprocessing = 0;
		};
		287D84CC2A15D4A600BD6331 /* Resources */ = {
			isa = PBXResourcesBuildPhase;
			buildActionMask = 2147483647;
			files = (
			);
			runOnlyForDeploymentPostprocessing = 0;
		};
		287D84D62A15D4A600BD6331 /* Resources */ = {
			isa = PBXResourcesBuildPhase;
			buildActionMask = 2147483647;
			files = (
			);
			runOnlyForDeploymentPostprocessing = 0;
		};
/* End PBXResourcesBuildPhase section */

/* Begin PBXSourcesBuildPhase section */
		287D84B42A15D4A300BD6331 /* Sources */ = {
			isa = PBXSourcesBuildPhase;
			buildActionMask = 2147483647;
			files = (
				287D84C02A15D4A300BD6331 /* ViewController.swift in Sources */,
				287D84BC2A15D4A300BD6331 /* AppDelegate.swift in Sources */,
				287D84BE2A15D4A300BD6331 /* SceneDelegate.swift in Sources */,
			);
			runOnlyForDeploymentPostprocessing = 0;
		};
		287D84CA2A15D4A600BD6331 /* Sources */ = {
			isa = PBXSourcesBuildPhase;
			buildActionMask = 2147483647;
			files = (
				287D84D32A15D4A600BD6331 /* MusicTests.swift in Sources */,
			);
			runOnlyForDeploymentPostprocessing = 0;
		};
		287D84D42A15D4A600BD6331 /* Sources */ = {
			isa = PBXSourcesBuildPhase;
			buildActionMask = 2147483647;
			files = (
				287D84DF2A15D4A600BD6331 /* MusicUITestsLaunchTests.swift in Sources */,
				287D84DD2A15D4A600BD6331 /* MusicUITests.swift in Sources */,
			);
			runOnlyForDeploymentPostprocessing = 0;
		};
/* End PBXSourcesBuildPhase section */

/* Begin PBXTargetDependency section */
		287D84D02A15D4A600BD6331 /* PBXTargetDependency */ = {
			isa = PBXTargetDependency;
			target = 287D84B72A15D4A300BD6331 /* Music */;
			targetProxy = 287D84CF2A15D4A600BD6331 /* PBXContainerItemProxy */;
		};
		287D84DA2A15D4A600BD6331 /* PBXTargetDependency */ = {
			isa = PBXTargetDependency;
			target = 287D84B72A15D4A300BD6331 /* Music */;
			targetProxy = 287D84D92A15D4A600BD6331 /* PBXContainerItemProxy */;
		};
/* End PBXTargetDependency section */

/* Begin PBXVariantGroup section */
		287D84C12A15D4A300BD6331 /* Main.storyboard */ = {
			isa = PBXVariantGroup;
			children = (
				287D84C22A15D4A300BD6331 /* Base */,
			);
			name = Main.storyboard;
			sourceTree = "<group>";
		};
		287D84C62A15D4A600BD6331 /* LaunchScreen.storyboard */ = {
			isa = PBXVariantGroup;
			children = (
				287D84C72A15D4A600BD6331 /* Base */,
			);
			name = LaunchScreen.storyboard;
			sourceTree = "<group>";
		};
/* End PBXVariantGroup section */

/* Begin XCBuildConfiguration section */
		287D84E02A15D4A600BD6331 /* Debug */ = {
			isa = XCBuildConfiguration;
			buildSettings = {
				ALWAYS_SEARCH_USER_PATHS = NO;
				CLANG_ANALYZER_NONNULL = YES;
				CLANG_ANALYZER_NUMBER_OBJECT_CONVERSION = YES_AGGRESSIVE;
				CLANG_CXX_LANGUAGE_STANDARD = "gnu++17";
				CLANG_ENABLE_MODULES = YES;
				CLANG_ENABLE_OBJC_ARC = YES;
				CLANG_ENABLE_OBJC_WEAK = YES;
				CLANG_WARN_BLOCK_CAPTURE_AUTORELEASING = YES;
				CLANG_WARN_BOOL_CONVERSION = YES;
				CLANG_WARN_COMMA = YES;
				CLANG_WARN_CONSTANT_CONVERSION = YES;
				CLANG_WARN_DEPRECATED_OBJC_IMPLEMENTATIONS = YES;
				CLANG_WARN_DIRECT_OBJC_ISA_USAGE = YES_ERROR;
				CLANG_WARN_DOCUMENTATION_COMMENTS = YES;
				CLANG_WARN_EMPTY_BODY = YES;
				CLANG_WARN_ENUM_CONVERSION = YES;
				CLANG_WARN_INFINITE_RECURSION = YES;
				CLANG_WARN_INT_CONVERSION = YES;
				CLANG_WARN_NON_LITERAL_NULL_CONVERSION = YES;
				CLANG_WARN_OBJC_IMPLICIT_RETAIN_SELF = YES;
				CLANG_WARN_OBJC_LITERAL_CONVERSION = YES;
				CLANG_WARN_OBJC_ROOT_CLASS = YES_ERROR;
				CLANG_WARN_QUOTED_INCLUDE_IN_FRAMEWORK_HEADER = YES;
				CLANG_WARN_RANGE_LOOP_ANALYSIS = YES;
				CLANG_WARN_STRICT_PROTOTYPES = YES;
				CLANG_WARN_SUSPICIOUS_MOVE = YES;
				CLANG_WARN_UNGUARDED_AVAILABILITY = YES_AGGRESSIVE;
				CLANG_WARN_UNREACHABLE_CODE = YES;
				CLANG_WARN__DUPLICATE_METHOD_MATCH = YES;
				COPY_PHASE_STRIP = NO;
				DEBUG_INFORMATION_FORMAT = dwarf;
				ENABLE_STRICT_OBJC_MSGSEND = YES;
				ENABLE_TESTABILITY = YES;
				GCC_C_LANGUAGE_STANDARD = gnu11;
				GCC_DYNAMIC_NO_PIC = NO;
				GCC_NO_COMMON_BLOCKS = YES;
				GCC_OPTIMIZATION_LEVEL = 0;
				GCC_PREPROCESSOR_DEFINITIONS = (
					"DEBUG=1",
					"$(inherited)",
				);
				GCC_WARN_64_TO_32_BIT_CONVERSION = YES;
				GCC_WARN_ABOUT_RETURN_TYPE = YES_ERROR;
				GCC_WARN_UNDECLARED_SELECTOR = YES;
				GCC_WARN_UNINITIALIZED_AUTOS = YES_AGGRESSIVE;
				GCC_WARN_UNUSED_FUNCTION = YES;
				GCC_WARN_UNUSED_VARIABLE = YES;
				IPHONEOS_DEPLOYMENT_TARGET = 15.5;
				MTL_ENABLE_DEBUG_INFO = INCLUDE_SOURCE;
				MTL_FAST_MATH = YES;
				ONLY_ACTIVE_ARCH = YES;
				SDKROOT = iphoneos;
				SWIFT_ACTIVE_COMPILATION_CONDITIONS = DEBUG;
				SWIFT_OPTIMIZATION_LEVEL = "-Onone";
			};
			name = Debug;
		};
		287D84E12A15D4A600BD6331 /* Release */ = {
			isa = XCBuildConfiguration;
			buildSettings = {
				ALWAYS_SEARCH_USER_PATHS = NO;
				CLANG_ANALYZER_NONNULL = YES;
				CLANG_ANALYZER_NUMBER_OBJECT_CONVERSION = YES_AGGRESSIVE;
				CLANG_CXX_LANGUAGE_STANDARD = "gnu++17";
				CLANG_ENABLE_MODULES = YES;
				CLANG_ENABLE_OBJC_ARC = YES;
				CLANG_ENABLE_OBJC_WEAK = YES;
				CLANG_WARN_BLOCK_CAPTURE_AUTORELEASING = YES;
				CLANG_WARN_BOOL_CONVERSION = YES;
				CLANG_WARN_COMMA = YES;
				CLANG_WARN_CONSTANT_CONVERSION = YES;
				CLANG_WARN_DEPRECATED_OBJC_IMPLEMENTATIONS = YES;
				CLANG_WARN_DIRECT_OBJC_ISA_USAGE = YES_ERROR;
				CLANG_WARN_DOCUMENTATION_COMMENTS = YES;
				CLANG_WARN_EMPTY_BODY = YES;
				CLANG_WARN_ENUM_CONVERSION = YES;
				CLANG_WARN_INFINITE_RECURSION = YES;
				CLANG_WARN_INT_CONVERSION = YES;
				CLANG_WARN_NON_LITERAL_NULL_CONVERSION = YES;
				CLANG_WARN_OBJC_IMPLICIT_RETAIN_SELF = YES;
				CLANG_WARN_OBJC_LITERAL_CONVERSION = YES;
				CLANG_WARN_OBJC_ROOT_CLASS = YES_ERROR;
				CLANG_WARN_QUOTED_INCLUDE_IN_FRAMEWORK_HEADER = YES;
				CLANG_WARN_RANGE_LOOP_ANALYSIS = YES;
				CLANG_WARN_STRICT_PROTOTYPES = YES;
				CLANG_WARN_SUSPICIOUS_MOVE = YES;
				CLANG_WARN_UNGUARDED_AVAILABILITY = YES_AGGRESSIVE;
				CLANG_WARN_UNREACHABLE_CODE = YES;
				CLANG_WARN__DUPLICATE_METHOD_MATCH = YES;
				COPY_PHASE_STRIP = NO;
				DEBUG_INFORMATION_FORMAT = "dwarf-with-dsym";
				ENABLE_NS_ASSERTIONS = NO;
				ENABLE_STRICT_OBJC_MSGSEND = YES;
				GCC_C_LANGUAGE_STANDARD = gnu11;
				GCC_NO_COMMON_BLOCKS = YES;
				GCC_WARN_64_TO_32_BIT_CONVERSION = YES;
				GCC_WARN_ABOUT_RETURN_TYPE = YES_ERROR;
				GCC_WARN_UNDECLARED_SELECTOR = YES;
				GCC_WARN_UNINITIALIZED_AUTOS = YES_AGGRESSIVE;
				GCC_WARN_UNUSED_FUNCTION = YES;
				GCC_WARN_UNUSED_VARIABLE = YES;
				IPHONEOS_DEPLOYMENT_TARGET = 15.5;
				MTL_ENABLE_DEBUG_INFO = NO;
				MTL_FAST_MATH = YES;
				SDKROOT = iphoneos;
				SWIFT_COMPILATION_MODE = wholemodule;
				SWIFT_OPTIMIZATION_LEVEL = "-O";
				VALIDATE_PRODUCT = YES;
			};
			name = Release;
		};
		287D84E32A15D4A600BD6331 /* Debug */ = {
			isa = XCBuildConfiguration;
			buildSettings = {
				ASSETCATALOG_COMPILER_APPICON_NAME = AppIcon;
				ASSETCATALOG_COMPILER_GLOBAL_ACCENT_COLOR_NAME = AccentColor;
				CODE_SIGN_STYLE = Automatic;
				CURRENT_PROJECT_VERSION = 1;
				GENERATE_INFOPLIST_FILE = YES;
				INFOPLIST_FILE = Music/Info.plist;
				INFOPLIST_KEY_UIApplicationSupportsIndirectInputEvents = YES;
				INFOPLIST_KEY_UILaunchStoryboardName = LaunchScreen;
				INFOPLIST_KEY_UIMainStoryboardFile = Main;
				INFOPLIST_KEY_UISupportedInterfaceOrientations_iPad = "UIInterfaceOrientationPortrait UIInterfaceOrientationPortraitUpsideDown UIInterfaceOrientationLandscapeLeft UIInterfaceOrientationLandscapeRight";
				INFOPLIST_KEY_UISupportedInterfaceOrientations_iPhone = "UIInterfaceOrientationPortrait UIInterfaceOrientationLandscapeLeft UIInterfaceOrientationLandscapeRight";
				LD_RUNPATH_SEARCH_PATHS = (
					"$(inherited)",
					"@executable_path/Frameworks",
				);
				MARKETING_VERSION = 1.0;
				PRODUCT_BUNDLE_IDENTIFIER = main.Music;
				PRODUCT_NAME = "$(TARGET_NAME)";
				SWIFT_EMIT_LOC_STRINGS = YES;
				SWIFT_VERSION = 5.0;
				TARGETED_DEVICE_FAMILY = "1,2";
			};
			name = Debug;
		};
		287D84E42A15D4A600BD6331 /* Release */ = {
			isa = XCBuildConfiguration;
			buildSettings = {
				ASSETCATALOG_COMPILER_APPICON_NAME = AppIcon;
				ASSETCATALOG_COMPILER_GLOBAL_ACCENT_COLOR_NAME = AccentColor;
				CODE_SIGN_STYLE = Automatic;
				CURRENT_PROJECT_VERSION = 1;
				GENERATE_INFOPLIST_FILE = YES;
				INFOPLIST_FILE = Music/Info.plist;
				INFOPLIST_KEY_UIApplicationSupportsIndirectInputEvents = YES;
				INFOPLIST_KEY_UILaunchStoryboardName = LaunchScreen;
				INFOPLIST_KEY_UIMainStoryboardFile = Main;
				INFOPLIST_KEY_UISupportedInterfaceOrientations_iPad = "UIInterfaceOrientationPortrait UIInterfaceOrientationPortraitUpsideDown UIInterfaceOrientationLandscapeLeft UIInterfaceOrientationLandscapeRight";
				INFOPLIST_KEY_UISupportedInterfaceOrientations_iPhone = "UIInterfaceOrientationPortrait UIInterfaceOrientationLandscapeLeft UIInterfaceOrientationLandscapeRight";
				LD_RUNPATH_SEARCH_PATHS = (
					"$(inherited)",
					"@executable_path/Frameworks",
				);
				MARKETING_VERSION = 1.0;
				PRODUCT_BUNDLE_IDENTIFIER = main.Music;
				PRODUCT_NAME = "$(TARGET_NAME)";
				SWIFT_EMIT_LOC_STRINGS = YES;
				SWIFT_VERSION = 5.0;
				TARGETED_DEVICE_FAMILY = "1,2";
			};
			name = Release;
		};
		287D84E62A15D4A600BD6331 /* Debug */ = {
			isa = XCBuildConfiguration;
			buildSettings = {
				ALWAYS_EMBED_SWIFT_STANDARD_LIBRARIES = YES;
				BUNDLE_LOADER = "$(TEST_HOST)";
				CODE_SIGN_STYLE = Automatic;
				CURRENT_PROJECT_VERSION = 1;
				GENERATE_INFOPLIST_FILE = YES;
				IPHONEOS_DEPLOYMENT_TARGET = 15.5;
				MARKETING_VERSION = 1.0;
				PRODUCT_BUNDLE_IDENTIFIER = main.MusicTests;
				PRODUCT_NAME = "$(TARGET_NAME)";
				SWIFT_EMIT_LOC_STRINGS = NO;
				SWIFT_VERSION = 5.0;
				TARGETED_DEVICE_FAMILY = "1,2";
				TEST_HOST = "$(BUILT_PRODUCTS_DIR)/Music.app/Music";
			};
			name = Debug;
		};
		287D84E72A15D4A600BD6331 /* Release */ = {
			isa = XCBuildConfiguration;
			buildSettings = {
				ALWAYS_EMBED_SWIFT_STANDARD_LIBRARIES = YES;
				BUNDLE_LOADER = "$(TEST_HOST)";
				CODE_SIGN_STYLE = Automatic;
				CURRENT_PROJECT_VERSION = 1;
				GENERATE_INFOPLIST_FILE = YES;
				IPHONEOS_DEPLOYMENT_TARGET = 15.5;
				MARKETING_VERSION = 1.0;
				PRODUCT_BUNDLE_IDENTIFIER = main.MusicTests;
				PRODUCT_NAME = "$(TARGET_NAME)";
				SWIFT_EMIT_LOC_STRINGS = NO;
				SWIFT_VERSION = 5.0;
				TARGETED_DEVICE_FAMILY = "1,2";
				TEST_HOST = "$(BUILT_PRODUCTS_DIR)/Music.app/Music";
			};
			name = Release;
		};
		287D84E92A15D4A600BD6331 /* Debug */ = {
			isa = XCBuildConfiguration;
			buildSettings = {
				ALWAYS_EMBED_SWIFT_STANDARD_LIBRARIES = YES;
				CODE_SIGN_STYLE = Automatic;
				CURRENT_PROJECT_VERSION = 1;
				GENERATE_INFOPLIST_FILE = YES;
				MARKETING_VERSION = 1.0;
				PRODUCT_BUNDLE_IDENTIFIER = main.MusicUITests;
				PRODUCT_NAME = "$(TARGET_NAME)";
				SWIFT_EMIT_LOC_STRINGS = NO;
				SWIFT_VERSION = 5.0;
				TARGETED_DEVICE_FAMILY = "1,2";
				TEST_TARGET_NAME = Music;
			};
			name = Debug;
		};
		287D84EA2A15D4A600BD6331 /* Release */ = {
			isa = XCBuildConfiguration;
			buildSettings = {
				ALWAYS_EMBED_SWIFT_STANDARD_LIBRARIES = YES;
				CODE_SIGN_STYLE = Automatic;
				CURRENT_PROJECT_VERSION = 1;
				GENERATE_INFOPLIST_FILE = YES;
				MARKETING_VERSION = 1.0;
				PRODUCT_BUNDLE_IDENTIFIER = main.MusicUITests;
				PRODUCT_NAME = "$(TARGET_NAME)";
				SWIFT_EMIT_LOC_STRINGS = NO;
				SWIFT_VERSION = 5.0;
				TARGETED_DEVICE_FAMILY = "1,2";
				TEST_TARGET_NAME = Music;
			};
			name = Release;
		};
/* End XCBuildConfiguration section */

/* Begin XCConfigurationList section */
		287D84B32A15D4A300BD6331 /* Build configuration list for PBXProject "Music" */ = {
			isa = XCConfigurationList;
			buildConfigurations = (
				287D84E02A15D4A600BD6331 /* Debug */,
				287D84E12A15D4A600BD6331 /* Release */,
			);
			defaultConfigurationIsVisible = 0;
			defaultConfigurationName = Release;
		};
		287D84E22A15D4A600BD6331 /* Build configuration list for PBXNativeTarget "Music" */ = {
			isa = XCConfigurationList;
			buildConfigurations = (
				287D84E32A15D4A600BD6331 /* Debug */,
				287D84E42A15D4A600BD6331 /* Release */,
			);
			defaultConfigurationIsVisible = 0;
			defaultConfigurationName = Release;
		};
		287D84E52A15D4A600BD6331 /* Build configuration list for PBXNativeTarget "MusicTests" */ = {
			isa = XCConfigurationList;
			buildConfigurations = (
				287D84E62A15D4A600BD6331 /* Debug */,
				287D84E72A15D4A600BD6331 /* Release */,
			);
			defaultConfigurationIsVisible = 0;
			defaultConfigurationName = Release;
		};
		287D84E82A15D4A600BD6331 /* Build configuration list for PBXNativeTarget "MusicUITests" */ = {
			isa = XCConfigurationList;
			buildConfigurations = (
				287D84E92A15D4A600BD6331 /* Debug */,
				287D84EA2A15D4A600BD6331 /* Release */,
			);
			defaultConfigurationIsVisible = 0;
			defaultConfigurationName = Release;
		};
/* End XCConfigurationList section */
	};
	rootObject = 287D84B02A15D4A300BD6331 /* Project object */;
}
